{
  "version": 4,
  "terraform_version": "1.12.2",
  "serial": 12,
  "lineage": "ebcc2548-a6bf-60b3-0ce6-a0033a6dcac2",
  "outputs": {
    "pet_name": {
      "value": "rarely,flying,bull",
      "type": "string"
    }
  },
  "resources": [
    {
      "mode": "managed",
      "type": "random_pet",
      "name": "petname",
      "provider": "provider[\"registry.terraform.io/hashicorp/random\"]",
      "instances": [
        {
          "schema_version": 0,
          "attributes": {
            "id": "rarely,flying,bull",
            "keepers": null,
            "length": 3,
            "prefix": null,
            "separator": ","
          },
          "sensitive_attributes": [],
          "identity_schema_version": 0
        }
      ]
    }
  ],
  "check_results": null
}
